
Microsoft Visual Studio Solution File, Format Version 12.00
# Visual Studio Version 17
VisualStudioVersion = 17.13.35931.197 d17.13
MinimumVisualStudioVersion = 10.0.40219.1
Project("{8BC9CEB8-8B4A-11D0-8D11-00A0C91BC942}") = "ProvaGUI", "ProvaGUI\ProvaGUI.vcxproj", "{7296D67F-D020-7C4B-856A-EF90AD855FFE}"
EndProject
Global
	GlobalSection(SolutionConfigurationPlatforms) = preSolution
		Debug|x64 = Debug|x64
		Debug|x86 = Debug|x86
		Release|x64 = Release|x64
		Release|x86 = Release|x86
	EndGlobalSection
	GlobalSection(ProjectConfigurationPlatforms) = postSolution
		{7296D67F-D020-7C4B-856A-EF90AD855FFE}.Debug|x64.ActiveCfg = Debug|x64
		{7296D67F-D020-7C4B-856A-EF90AD855FFE}.Debug|x64.Build.0 = Debug|x64
		{7296D67F-D020-7C4B-856A-EF90AD855FFE}.Debug|x86.ActiveCfg = Debug|Win32
		{7296D67F-D020-7C4B-856A-EF90AD855FFE}.Debug|x86.Build.0 = Debug|Win32
		{7296D67F-D020-7C4B-856A-EF90AD855FFE}.Release|x64.ActiveCfg = Release|x64
		{7296D67F-D020-7C4B-856A-EF90AD855FFE}.Release|x64.Build.0 = Release|x64
		{7296D67F-D020-7C4B-856A-EF90AD855FFE}.Release|x86.ActiveCfg = Release|Win32
		{7296D67F-D020-7C4B-856A-EF90AD855FFE}.Release|x86.Build.0 = Release|Win32
	EndGlobalSection
	GlobalSection(SolutionProperties) = preSolution
		HideSolutionNode = FALSE
	EndGlobalSection
	GlobalSection(ExtensibilityGlobals) = postSolution
		SolutionGuid = {B7DF3AFB-BC1C-4108-808E-478A27196312}
	EndGlobalSection
EndGlobal
